
Microsoft Visual Studio Solution File, Format Version 12.00
# Visual Studio Version 16
VisualStudioVersion = 16.0.30225.117
MinimumVisualStudioVersion = 10.0.40219.1
Project("{FAE04EC0-301F-11D3-BF4B-00C04F79EFBC}") = "application 2", "application 2\application 2.csproj", "{FBEB0B95-9AD4-4AA1-82FA-C62C3EDD0798}"
EndProject
Global
	GlobalSection(SolutionConfigurationPlatforms) = preSolution
		Debug|Any CPU = Debug|Any CPU
		Release|Any CPU = Release|Any CPU
	EndGlobalSection
	GlobalSection(ProjectConfigurationPlatforms) = postSolution
		{FBEB0B95-9AD4-4AA1-82FA-C62C3EDD0798}.Debug|Any CPU.ActiveCfg = Debug|Any CPU
		{FBEB0B95-9AD4-4AA1-82FA-C62C3EDD0798}.Debug|Any CPU.Build.0 = Debug|Any CPU
		{FBEB0B95-9AD4-4AA1-82FA-C62C3EDD0798}.Release|Any CPU.ActiveCfg = Release|Any CPU
		{FBEB0B95-9AD4-4AA1-82FA-C62C3EDD0798}.Release|Any CPU.Build.0 = Release|Any CPU
	EndGlobalSection
	GlobalSection(SolutionProperties) = preSolution
		HideSolutionNode = FALSE
	EndGlobalSection
	GlobalSection(ExtensibilityGlobals) = postSolution
		SolutionGuid = {0543AACD-528F-49AC-90A3-C42545352D25}
	EndGlobalSection
EndGlobal
